// !$*UTF8*$!
{
	archiveVersion = 1;
	classes = {
	};
	objectVersion = 46;
	objects = {

/* Begin PBXBuildFile section */
		4407BF4671805DD69E30F28A /* Pods_NetworkStackDemo.framework in Frameworks */ = {isa = PBXBuildFile; fileRef = 8F75B4EC321F11FEFF279A41 /* Pods_NetworkStackDemo.framework */; };
		557F263A1E6D9E12003658BC /* AppDelegate.swift in Sources */ = {isa = PBXBuildFile; fileRef = 557F26391E6D9E12003658BC /* AppDelegate.swift */; };
		557F263C1E6D9E12003658BC /* ViewController.swift in Sources */ = {isa = PBXBuildFile; fileRef = 557F263B1E6D9E12003658BC /* ViewController.swift */; };
		557F263F1E6D9E12003658BC /* Main.storyboard in Resources */ = {isa = PBXBuildFile; fileRef = 557F263D1E6D9E12003658BC /* Main.storyboard */; };
		557F26411E6D9E12003658BC /* Assets.xcassets in Resources */ = {isa = PBXBuildFile; fileRef = 557F26401E6D9E12003658BC /* Assets.xcassets */; };
		557F26441E6D9E12003658BC /* LaunchScreen.storyboard in Resources */ = {isa = PBXBuildFile; fileRef = 557F26421E6D9E12003658BC /* LaunchScreen.storyboard */; };
		557F265A1E6D9E12003658BC /* NetworkStackDemoUITests.swift in Sources */ = {isa = PBXBuildFile; fileRef = 557F26591E6D9E12003658BC /* NetworkStackDemoUITests.swift */; };
		6B63147CCE8E249CF7926C37 /* Pods_NetworkStackDemoTests.framework in Frameworks */ = {isa = PBXBuildFile; fileRef = A7B03F02F57C3CD9B9F982CA /* Pods_NetworkStackDemoTests.framework */; };
		6D5C858E1EAF88E700D16717 /* Routes.swift in Sources */ = {isa = PBXBuildFile; fileRef = 6D5C858D1EAF88E700D16717 /* Routes.swift */; };
		6D5C85901EAF8AFA00D16717 /* WebServiceError.swift in Sources */ = {isa = PBXBuildFile; fileRef = 6D5C858F1EAF8AFA00D16717 /* WebServiceError.swift */; };
		6D5C85921EAF8B4600D16717 /* WebServiceClients.swift in Sources */ = {isa = PBXBuildFile; fileRef = 6D5C85911EAF8B4600D16717 /* WebServiceClients.swift */; };
		6D5C85961EAF8C4900D16717 /* Video.swift in Sources */ = {isa = PBXBuildFile; fileRef = 6D5C85951EAF8C4900D16717 /* Video.swift */; };
		DB8B3BBA1EDEA8DA00157F5A /* RenewTokenTests.swift in Sources */ = {isa = PBXBuildFile; fileRef = DB8B3BB91EDEA8DA00157F5A /* RenewTokenTests.swift */; };
		DB8B3BBC1EDEBC2000157F5A /* Tests+Utils.swift in Sources */ = {isa = PBXBuildFile; fileRef = DB8B3BBB1EDEBC2000157F5A /* Tests+Utils.swift */; };
		DB8B3BC21EDEC3DF00157F5A /* empty.json in Resources */ = {isa = PBXBuildFile; fileRef = DB8B3BC11EDEC3DF00157F5A /* empty.json */; };
/* End PBXBuildFile section */

/* Begin PBXContainerItemProxy section */
		557F264B1E6D9E12003658BC /* PBXContainerItemProxy */ = {
			isa = PBXContainerItemProxy;
			containerPortal = 557F262E1E6D9E12003658BC /* Project object */;
			proxyType = 1;
			remoteGlobalIDString = 557F26351E6D9E12003658BC;
			remoteInfo = NetworkStackDemo;
		};
		557F26561E6D9E12003658BC /* PBXContainerItemProxy */ = {
			isa = PBXContainerItemProxy;
			containerPortal = 557F262E1E6D9E12003658BC /* Project object */;
			proxyType = 1;
			remoteGlobalIDString = 557F26351E6D9E12003658BC;
			remoteInfo = NetworkStackDemo;
		};
/* End PBXContainerItemProxy section */

/* Begin PBXFileReference section */
		1D85FCA0AAB2CAB3ED1BF0C3 /* Pods-NetworkStackDemoTests.release.xcconfig */ = {isa = PBXFileReference; includeInIndex = 1; lastKnownFileType = text.xcconfig; name = "Pods-NetworkStackDemoTests.release.xcconfig"; path = "Pods/Target Support Files/Pods-NetworkStackDemoTests/Pods-NetworkStackDemoTests.release.xcconfig"; sourceTree = "<group>"; };
		557F26361E6D9E12003658BC /* NetworkStackDemo.app */ = {isa = PBXFileReference; explicitFileType = wrapper.application; includeInIndex = 0; path = NetworkStackDemo.app; sourceTree = BUILT_PRODUCTS_DIR; };
		557F26391E6D9E12003658BC /* AppDelegate.swift */ = {isa = PBXFileReference; lastKnownFileType = sourcecode.swift; path = AppDelegate.swift; sourceTree = "<group>"; };
		557F263B1E6D9E12003658BC /* ViewController.swift */ = {isa = PBXFileReference; lastKnownFileType = sourcecode.swift; path = ViewController.swift; sourceTree = "<group>"; };
		557F263E1E6D9E12003658BC /* Base */ = {isa = PBXFileReference; lastKnownFileType = file.storyboard; name = Base; path = Base.lproj/Main.storyboard; sourceTree = "<group>"; };
		557F26401E6D9E12003658BC /* Assets.xcassets */ = {isa = PBXFileReference; lastKnownFileType = folder.assetcatalog; path = Assets.xcassets; sourceTree = "<group>"; };
		557F26431E6D9E12003658BC /* Base */ = {isa = PBXFileReference; lastKnownFileType = file.storyboard; name = Base; path = Base.lproj/LaunchScreen.storyboard; sourceTree = "<group>"; };
		557F26451E6D9E12003658BC /* Info.plist */ = {isa = PBXFileReference; lastKnownFileType = text.plist.xml; path = Info.plist; sourceTree = "<group>"; };
		557F264A1E6D9E12003658BC /* NetworkStackDemoTests.xctest */ = {isa = PBXFileReference; explicitFileType = wrapper.cfbundle; includeInIndex = 0; path = NetworkStackDemoTests.xctest; sourceTree = BUILT_PRODUCTS_DIR; };
		557F26501E6D9E12003658BC /* Info.plist */ = {isa = PBXFileReference; lastKnownFileType = text.plist.xml; path = Info.plist; sourceTree = "<group>"; };
		557F26551E6D9E12003658BC /* NetworkStackDemoUITests.xctest */ = {isa = PBXFileReference; explicitFileType = wrapper.cfbundle; includeInIndex = 0; path = NetworkStackDemoUITests.xctest; sourceTree = BUILT_PRODUCTS_DIR; };
		557F26591E6D9E12003658BC /* NetworkStackDemoUITests.swift */ = {isa = PBXFileReference; lastKnownFileType = sourcecode.swift; path = NetworkStackDemoUITests.swift; sourceTree = "<group>"; };
		557F265B1E6D9E12003658BC /* Info.plist */ = {isa = PBXFileReference; lastKnownFileType = text.plist.xml; path = Info.plist; sourceTree = "<group>"; };
		6D5C858D1EAF88E700D16717 /* Routes.swift */ = {isa = PBXFileReference; fileEncoding = 4; lastKnownFileType = sourcecode.swift; path = Routes.swift; sourceTree = "<group>"; };
		6D5C858F1EAF8AFA00D16717 /* WebServiceError.swift */ = {isa = PBXFileReference; fileEncoding = 4; lastKnownFileType = sourcecode.swift; path = WebServiceError.swift; sourceTree = "<group>"; };
		6D5C85911EAF8B4600D16717 /* WebServiceClients.swift */ = {isa = PBXFileReference; fileEncoding = 4; lastKnownFileType = sourcecode.swift; path = WebServiceClients.swift; sourceTree = "<group>"; };
		6D5C85951EAF8C4900D16717 /* Video.swift */ = {isa = PBXFileReference; fileEncoding = 4; lastKnownFileType = sourcecode.swift; path = Video.swift; sourceTree = "<group>"; };
		8F75B4EC321F11FEFF279A41 /* Pods_NetworkStackDemo.framework */ = {isa = PBXFileReference; explicitFileType = wrapper.framework; includeInIndex = 0; path = Pods_NetworkStackDemo.framework; sourceTree = BUILT_PRODUCTS_DIR; };
		A7B03F02F57C3CD9B9F982CA /* Pods_NetworkStackDemoTests.framework */ = {isa = PBXFileReference; explicitFileType = wrapper.framework; includeInIndex = 0; path = Pods_NetworkStackDemoTests.framework; sourceTree = BUILT_PRODUCTS_DIR; };
		D80F589707D6CD6AE44DB6ED /* Pods-NetworkStackDemo.release.xcconfig */ = {isa = PBXFileReference; includeInIndex = 1; lastKnownFileType = text.xcconfig; name = "Pods-NetworkStackDemo.release.xcconfig"; path = "Pods/Target Support Files/Pods-NetworkStackDemo/Pods-NetworkStackDemo.release.xcconfig"; sourceTree = "<group>"; };
		DB8B3BB91EDEA8DA00157F5A /* RenewTokenTests.swift */ = {isa = PBXFileReference; fileEncoding = 4; lastKnownFileType = sourcecode.swift; path = RenewTokenTests.swift; sourceTree = "<group>"; };
		DB8B3BBB1EDEBC2000157F5A /* Tests+Utils.swift */ = {isa = PBXFileReference; fileEncoding = 4; lastKnownFileType = sourcecode.swift; path = "Tests+Utils.swift"; sourceTree = "<group>"; };
		DB8B3BC11EDEC3DF00157F5A /* empty.json */ = {isa = PBXFileReference; fileEncoding = 4; lastKnownFileType = text.json; path = empty.json; sourceTree = "<group>"; };
		DB8B3BC71EDEFFB400157F5A /* NetworkStack.entitlements */ = {isa = PBXFileReference; fileEncoding = 4; lastKnownFileType = text.plist.entitlements; path = NetworkStack.entitlements; sourceTree = "<group>"; };
		F218749CBECF1D62305736FC /* Pods-NetworkStackDemo.debug.xcconfig */ = {isa = PBXFileReference; includeInIndex = 1; lastKnownFileType = text.xcconfig; name = "Pods-NetworkStackDemo.debug.xcconfig"; path = "Pods/Target Support Files/Pods-NetworkStackDemo/Pods-NetworkStackDemo.debug.xcconfig"; sourceTree = "<group>"; };
		F2DB290C976711843DA47AA4 /* Pods-NetworkStackDemoTests.debug.xcconfig */ = {isa = PBXFileReference; includeInIndex = 1; lastKnownFileType = text.xcconfig; name = "Pods-NetworkStackDemoTests.debug.xcconfig"; path = "Pods/Target Support Files/Pods-NetworkStackDemoTests/Pods-NetworkStackDemoTests.debug.xcconfig"; sourceTree = "<group>"; };
/* End PBXFileReference section */

/* Begin PBXFrameworksBuildPhase section */
		557F26331E6D9E12003658BC /* Frameworks */ = {
			isa = PBXFrameworksBuildPhase;
			buildActionMask = 2147483647;
			files = (
				4407BF4671805DD69E30F28A /* Pods_NetworkStackDemo.framework in Frameworks */,
			);
			runOnlyForDeploymentPostprocessing = 0;
		};
		557F26471E6D9E12003658BC /* Frameworks */ = {
			isa = PBXFrameworksBuildPhase;
			buildActionMask = 2147483647;
			files = (
				6B63147CCE8E249CF7926C37 /* Pods_NetworkStackDemoTests.framework in Frameworks */,
			);
			runOnlyForDeploymentPostprocessing = 0;
		};
		557F26521E6D9E12003658BC /* Frameworks */ = {
			isa = PBXFrameworksBuildPhase;
			buildActionMask = 2147483647;
			files = (
			);
			runOnlyForDeploymentPostprocessing = 0;
		};
/* End PBXFrameworksBuildPhase section */

/* Begin PBXGroup section */
		557F262D1E6D9E12003658BC = {
			isa = PBXGroup;
			children = (
				557F26381E6D9E12003658BC /* NetworkStackDemo */,
				557F264D1E6D9E12003658BC /* NetworkStackDemoTests */,
				557F26581E6D9E12003658BC /* NetworkStackDemoUITests */,
				557F26371E6D9E12003658BC /* Products */,
				F1850EE72F85152509D7F693 /* Pods */,
				682EC56B4DF6C238DF8CC1E4 /* Frameworks */,
			);
			sourceTree = "<group>";
		};
		557F26371E6D9E12003658BC /* Products */ = {
			isa = PBXGroup;
			children = (
				557F26361E6D9E12003658BC /* NetworkStackDemo.app */,
				557F264A1E6D9E12003658BC /* NetworkStackDemoTests.xctest */,
				557F26551E6D9E12003658BC /* NetworkStackDemoUITests.xctest */,
			);
			name = Products;
			sourceTree = "<group>";
		};
		557F26381E6D9E12003658BC /* NetworkStackDemo */ = {
			isa = PBXGroup;
			children = (
				557F26391E6D9E12003658BC /* AppDelegate.swift */,
				557F263B1E6D9E12003658BC /* ViewController.swift */,
				557F263D1E6D9E12003658BC /* Main.storyboard */,
				557F26401E6D9E12003658BC /* Assets.xcassets */,
				557F26421E6D9E12003658BC /* LaunchScreen.storyboard */,
				557F26451E6D9E12003658BC /* Info.plist */,
				6D5C858D1EAF88E700D16717 /* Routes.swift */,
				6D5C858F1EAF8AFA00D16717 /* WebServiceError.swift */,
				6D5C85911EAF8B4600D16717 /* WebServiceClients.swift */,
				6D5C85951EAF8C4900D16717 /* Video.swift */,
				DB8B3BC71EDEFFB400157F5A /* NetworkStack.entitlements */,
			);
			path = NetworkStackDemo;
			sourceTree = "<group>";
		};
		557F264D1E6D9E12003658BC /* NetworkStackDemoTests */ = {
			isa = PBXGroup;
			children = (
				DB8B3BC01EDEC3DF00157F5A /* Fixtures */,
				557F26501E6D9E12003658BC /* Info.plist */,
				DB8B3BB91EDEA8DA00157F5A /* RenewTokenTests.swift */,
				DB8B3BBB1EDEBC2000157F5A /* Tests+Utils.swift */,
			);
			path = NetworkStackDemoTests;
			sourceTree = "<group>";
		};
		557F26581E6D9E12003658BC /* NetworkStackDemoUITests */ = {
			isa = PBXGroup;
			children = (
				557F26591E6D9E12003658BC /* NetworkStackDemoUITests.swift */,
				557F265B1E6D9E12003658BC /* Info.plist */,
			);
			path = NetworkStackDemoUITests;
			sourceTree = "<group>";
		};
		682EC56B4DF6C238DF8CC1E4 /* Frameworks */ = {
			isa = PBXGroup;
			children = (
				8F75B4EC321F11FEFF279A41 /* Pods_NetworkStackDemo.framework */,
				A7B03F02F57C3CD9B9F982CA /* Pods_NetworkStackDemoTests.framework */,
			);
			name = Frameworks;
			sourceTree = "<group>";
		};
		DB8B3BC01EDEC3DF00157F5A /* Fixtures */ = {
			isa = PBXGroup;
			children = (
				DB8B3BC11EDEC3DF00157F5A /* empty.json */,
			);
			path = Fixtures;
			sourceTree = "<group>";
		};
		F1850EE72F85152509D7F693 /* Pods */ = {
			isa = PBXGroup;
			children = (
				F218749CBECF1D62305736FC /* Pods-NetworkStackDemo.debug.xcconfig */,
				D80F589707D6CD6AE44DB6ED /* Pods-NetworkStackDemo.release.xcconfig */,
				F2DB290C976711843DA47AA4 /* Pods-NetworkStackDemoTests.debug.xcconfig */,
				1D85FCA0AAB2CAB3ED1BF0C3 /* Pods-NetworkStackDemoTests.release.xcconfig */,
			);
			name = Pods;
			sourceTree = "<group>";
		};
/* End PBXGroup section */

/* Begin PBXNativeTarget section */
		557F26351E6D9E12003658BC /* NetworkStackDemo */ = {
			isa = PBXNativeTarget;
			buildConfigurationList = 557F265E1E6D9E12003658BC /* Build configuration list for PBXNativeTarget "NetworkStackDemo" */;
			buildPhases = (
				0BB9DF00A92E857AB73650F0 /* [CP] Check Pods Manifest.lock */,
				557F26321E6D9E12003658BC /* Sources */,
				557F26331E6D9E12003658BC /* Frameworks */,
				557F26341E6D9E12003658BC /* Resources */,
				E92EAC25B2A3391632315E3F /* [CP] Embed Pods Frameworks */,
			);
			buildRules = (
			);
			dependencies = (
			);
			name = NetworkStackDemo;
			productName = NetworkStackDemo;
			productReference = 557F26361E6D9E12003658BC /* NetworkStackDemo.app */;
			productType = "com.apple.product-type.application";
		};
		557F26491E6D9E12003658BC /* NetworkStackDemoTests */ = {
			isa = PBXNativeTarget;
			buildConfigurationList = 557F26611E6D9E12003658BC /* Build configuration list for PBXNativeTarget "NetworkStackDemoTests" */;
			buildPhases = (
				DAB1D3B12C12079EBB6EB464 /* [CP] Check Pods Manifest.lock */,
				557F26461E6D9E12003658BC /* Sources */,
				557F26471E6D9E12003658BC /* Frameworks */,
				557F26481E6D9E12003658BC /* Resources */,
				1E28EE54EA26EAB7A3A29755 /* [CP] Embed Pods Frameworks */,
			);
			buildRules = (
			);
			dependencies = (
				557F264C1E6D9E12003658BC /* PBXTargetDependency */,
			);
			name = NetworkStackDemoTests;
			productName = NetworkStackDemoTests;
			productReference = 557F264A1E6D9E12003658BC /* NetworkStackDemoTests.xctest */;
			productType = "com.apple.product-type.bundle.unit-test";
		};
		557F26541E6D9E12003658BC /* NetworkStackDemoUITests */ = {
			isa = PBXNativeTarget;
			buildConfigurationList = 557F26641E6D9E12003658BC /* Build configuration list for PBXNativeTarget "NetworkStackDemoUITests" */;
			buildPhases = (
				557F26511E6D9E12003658BC /* Sources */,
				557F26521E6D9E12003658BC /* Frameworks */,
				557F26531E6D9E12003658BC /* Resources */,
			);
			buildRules = (
			);
			dependencies = (
				557F26571E6D9E12003658BC /* PBXTargetDependency */,
			);
			name = NetworkStackDemoUITests;
			productName = NetworkStackDemoUITests;
			productReference = 557F26551E6D9E12003658BC /* NetworkStackDemoUITests.xctest */;
			productType = "com.apple.product-type.bundle.ui-testing";
		};
/* End PBXNativeTarget section */

/* Begin PBXProject section */
		557F262E1E6D9E12003658BC /* Project object */ = {
			isa = PBXProject;
			attributes = {
				LastSwiftUpdateCheck = 0820;
				LastUpgradeCheck = 0900;
				ORGANIZATIONNAME = Niji;
				TargetAttributes = {
					557F26351E6D9E12003658BC = {
						CreatedOnToolsVersion = 8.2;
						DevelopmentTeam = B564TVEPFR;
						ProvisioningStyle = Automatic;
					};
					557F26491E6D9E12003658BC = {
						CreatedOnToolsVersion = 8.2;
						ProvisioningStyle = Automatic;
						TestTargetID = 557F26351E6D9E12003658BC;
					};
					557F26541E6D9E12003658BC = {
						CreatedOnToolsVersion = 8.2;
						ProvisioningStyle = Automatic;
						TestTargetID = 557F26351E6D9E12003658BC;
					};
				};
			};
			buildConfigurationList = 557F26311E6D9E12003658BC /* Build configuration list for PBXProject "NetworkStackDemo" */;
			compatibilityVersion = "Xcode 3.2";
			developmentRegion = English;
			hasScannedForEncodings = 0;
			knownRegions = (
				en,
				Base,
			);
			mainGroup = 557F262D1E6D9E12003658BC;
			productRefGroup = 557F26371E6D9E12003658BC /* Products */;
			projectDirPath = "";
			projectRoot = "";
			targets = (
				557F26351E6D9E12003658BC /* NetworkStackDemo */,
				557F26491E6D9E12003658BC /* NetworkStackDemoTests */,
				557F26541E6D9E12003658BC /* NetworkStackDemoUITests */,
			);
		};
/* End PBXProject section */

/* Begin PBXResourcesBuildPhase section */
		557F26341E6D9E12003658BC /* Resources */ = {
			isa = PBXResourcesBuildPhase;
			buildActionMask = 2147483647;
			files = (
				557F26441E6D9E12003658BC /* LaunchScreen.storyboard in Resources */,
				557F26411E6D9E12003658BC /* Assets.xcassets in Resources */,
				557F263F1E6D9E12003658BC /* Main.storyboard in Resources */,
			);
			runOnlyForDeploymentPostprocessing = 0;
		};
		557F26481E6D9E12003658BC /* Resources */ = {
			isa = PBXResourcesBuildPhase;
			buildActionMask = 2147483647;
			files = (
				DB8B3BC21EDEC3DF00157F5A /* empty.json in Resources */,
			);
			runOnlyForDeploymentPostprocessing = 0;
		};
		557F26531E6D9E12003658BC /* Resources */ = {
			isa = PBXResourcesBuildPhase;
			buildActionMask = 2147483647;
			files = (
			);
			runOnlyForDeploymentPostprocessing = 0;
		};
/* End PBXResourcesBuildPhase section */

/* Begin PBXShellScriptBuildPhase section */
		0BB9DF00A92E857AB73650F0 /* [CP] Check Pods Manifest.lock */ = {
			isa = PBXShellScriptBuildPhase;
			buildActionMask = 2147483647;
			files = (
			);
			inputPaths = (
				"${PODS_PODFILE_DIR_PATH}/Podfile.lock",
				"${PODS_ROOT}/Manifest.lock",
			);
			name = "[CP] Check Pods Manifest.lock";
			outputPaths = (
				"$(DERIVED_FILE_DIR)/Pods-NetworkStackDemo-checkManifestLockResult.txt",
			);
			runOnlyForDeploymentPostprocessing = 0;
			shellPath = /bin/sh;
			shellScript = "diff \"${PODS_PODFILE_DIR_PATH}/Podfile.lock\" \"${PODS_ROOT}/Manifest.lock\" > /dev/null\nif [ $? != 0 ] ; then\n    # print error to STDERR\n    echo \"error: The sandbox is not in sync with the Podfile.lock. Run 'pod install' or update your CocoaPods installation.\" >&2\n    exit 1\nfi\n# This output is used by Xcode 'outputs' to avoid re-running this script phase.\necho \"SUCCESS\" > \"${SCRIPT_OUTPUT_FILE_0}\"\n";
			showEnvVarsInLog = 0;
		};
		1E28EE54EA26EAB7A3A29755 /* [CP] Embed Pods Frameworks */ = {
			isa = PBXShellScriptBuildPhase;
			buildActionMask = 2147483647;
			files = (
			);
			inputPaths = (
				"${PODS_ROOT}/Target Support Files/Pods-NetworkStackDemoTests/Pods-NetworkStackDemoTests-frameworks.sh",
				"${BUILT_PRODUCTS_DIR}/Alamofire/Alamofire.framework",
				"${BUILT_PRODUCTS_DIR}/Decodable/Decodable.framework",
				"${BUILT_PRODUCTS_DIR}/KeychainAccess/KeychainAccess.framework",
				"${BUILT_PRODUCTS_DIR}/NetworkStack/NetworkStack.framework",
				"${BUILT_PRODUCTS_DIR}/RxSwift/RxSwift.framework",
				"${BUILT_PRODUCTS_DIR}/OHHTTPStubs/OHHTTPStubs.framework",
			);
			name = "[CP] Embed Pods Frameworks";
			outputPaths = (
				"${TARGET_BUILD_DIR}/${FRAMEWORKS_FOLDER_PATH}/Alamofire.framework",
				"${TARGET_BUILD_DIR}/${FRAMEWORKS_FOLDER_PATH}/Decodable.framework",
				"${TARGET_BUILD_DIR}/${FRAMEWORKS_FOLDER_PATH}/KeychainAccess.framework",
				"${TARGET_BUILD_DIR}/${FRAMEWORKS_FOLDER_PATH}/NetworkStack.framework",
				"${TARGET_BUILD_DIR}/${FRAMEWORKS_FOLDER_PATH}/RxSwift.framework",
				"${TARGET_BUILD_DIR}/${FRAMEWORKS_FOLDER_PATH}/OHHTTPStubs.framework",
			);
			runOnlyForDeploymentPostprocessing = 0;
			shellPath = /bin/sh;
			shellScript = "\"${PODS_ROOT}/Target Support Files/Pods-NetworkStackDemoTests/Pods-NetworkStackDemoTests-frameworks.sh\"\n";
			showEnvVarsInLog = 0;
		};
		DAB1D3B12C12079EBB6EB464 /* [CP] Check Pods Manifest.lock */ = {
			isa = PBXShellScriptBuildPhase;
			buildActionMask = 2147483647;
			files = (
			);
			inputPaths = (
				"${PODS_PODFILE_DIR_PATH}/Podfile.lock",
				"${PODS_ROOT}/Manifest.lock",
			);
			name = "[CP] Check Pods Manifest.lock";
			outputPaths = (
				"$(DERIVED_FILE_DIR)/Pods-NetworkStackDemoTests-checkManifestLockResult.txt",
			);
			runOnlyForDeploymentPostprocessing = 0;
			shellPath = /bin/sh;
			shellScript = "diff \"${PODS_PODFILE_DIR_PATH}/Podfile.lock\" \"${PODS_ROOT}/Manifest.lock\" > /dev/null\nif [ $? != 0 ] ; then\n    # print error to STDERR\n    echo \"error: The sandbox is not in sync with the Podfile.lock. Run 'pod install' or update your CocoaPods installation.\" >&2\n    exit 1\nfi\n# This output is used by Xcode 'outputs' to avoid re-running this script phase.\necho \"SUCCESS\" > \"${SCRIPT_OUTPUT_FILE_0}\"\n";
			showEnvVarsInLog = 0;
		};
		E92EAC25B2A3391632315E3F /* [CP] Embed Pods Frameworks */ = {
			isa = PBXShellScriptBuildPhase;
			buildActionMask = 2147483647;
			files = (
			);
			inputPaths = (
				"${PODS_ROOT}/Target Support Files/Pods-NetworkStackDemo/Pods-NetworkStackDemo-frameworks.sh",
				"${BUILT_PRODUCTS_DIR}/Alamofire/Alamofire.framework",
				"${BUILT_PRODUCTS_DIR}/Decodable/Decodable.framework",
				"${BUILT_PRODUCTS_DIR}/KeychainAccess/KeychainAccess.framework",
				"${BUILT_PRODUCTS_DIR}/NetworkStack/NetworkStack.framework",
				"${BUILT_PRODUCTS_DIR}/RxSwift/RxSwift.framework",
			);
			name = "[CP] Embed Pods Frameworks";
			outputPaths = (
				"${TARGET_BUILD_DIR}/${FRAMEWORKS_FOLDER_PATH}/Alamofire.framework",
				"${TARGET_BUILD_DIR}/${FRAMEWORKS_FOLDER_PATH}/Decodable.framework",
				"${TARGET_BUILD_DIR}/${FRAMEWORKS_FOLDER_PATH}/KeychainAccess.framework",
				"${TARGET_BUILD_DIR}/${FRAMEWORKS_FOLDER_PATH}/NetworkStack.framework",
				"${TARGET_BUILD_DIR}/${FRAMEWORKS_FOLDER_PATH}/RxSwift.framework",
			);
			runOnlyForDeploymentPostprocessing = 0;
			shellPath = /bin/sh;
			shellScript = "\"${PODS_ROOT}/Target Support Files/Pods-NetworkStackDemo/Pods-NetworkStackDemo-frameworks.sh\"\n";
			showEnvVarsInLog = 0;
		};
/* End PBXShellScriptBuildPhase section */

/* Begin PBXSourcesBuildPhase section */
		557F26321E6D9E12003658BC /* Sources */ = {
			isa = PBXSourcesBuildPhase;
			buildActionMask = 2147483647;
			files = (
				557F263C1E6D9E12003658BC /* ViewController.swift in Sources */,
				6D5C85901EAF8AFA00D16717 /* WebServiceError.swift in Sources */,
				6D5C858E1EAF88E700D16717 /* Routes.swift in Sources */,
				6D5C85921EAF8B4600D16717 /* WebServiceClients.swift in Sources */,
				6D5C85961EAF8C4900D16717 /* Video.swift in Sources */,
				557F263A1E6D9E12003658BC /* AppDelegate.swift in Sources */,
			);
			runOnlyForDeploymentPostprocessing = 0;
		};
		557F26461E6D9E12003658BC /* Sources */ = {
			isa = PBXSourcesBuildPhase;
			buildActionMask = 2147483647;
			files = (
				DB8B3BBC1EDEBC2000157F5A /* Tests+Utils.swift in Sources */,
				DB8B3BBA1EDEA8DA00157F5A /* RenewTokenTests.swift in Sources */,
			);
			runOnlyForDeploymentPostprocessing = 0;
		};
		557F26511E6D9E12003658BC /* Sources */ = {
			isa = PBXSourcesBuildPhase;
			buildActionMask = 2147483647;
			files = (
				557F265A1E6D9E12003658BC /* NetworkStackDemoUITests.swift in Sources */,
			);
			runOnlyForDeploymentPostprocessing = 0;
		};
/* End PBXSourcesBuildPhase section */

/* Begin PBXTargetDependency section */
		557F264C1E6D9E12003658BC /* PBXTargetDependency */ = {
			isa = PBXTargetDependency;
			target = 557F26351E6D9E12003658BC /* NetworkStackDemo */;
			targetProxy = 557F264B1E6D9E12003658BC /* PBXContainerItemProxy */;
		};
		557F26571E6D9E12003658BC /* PBXTargetDependency */ = {
			isa = PBXTargetDependency;
			target = 557F26351E6D9E12003658BC /* NetworkStackDemo */;
			targetProxy = 557F26561E6D9E12003658BC /* PBXContainerItemProxy */;
		};
/* End PBXTargetDependency section */

/* Begin PBXVariantGroup section */
		557F263D1E6D9E12003658BC /* Main.storyboard */ = {
			isa = PBXVariantGroup;
			children = (
				557F263E1E6D9E12003658BC /* Base */,
			);
			name = Main.storyboard;
			sourceTree = "<group>";
		};
		557F26421E6D9E12003658BC /* LaunchScreen.storyboard */ = {
			isa = PBXVariantGroup;
			children = (
				557F26431E6D9E12003658BC /* Base */,
			);
			name = LaunchScreen.storyboard;
			sourceTree = "<group>";
		};
/* End PBXVariantGroup section */

/* Begin XCBuildConfiguration section */
		557F265C1E6D9E12003658BC /* Debug */ = {
			isa = XCBuildConfiguration;
			buildSettings = {
				ALWAYS_SEARCH_USER_PATHS = NO;
				CLANG_ANALYZER_NONNULL = YES;
				CLANG_CXX_LANGUAGE_STANDARD = "gnu++0x";
				CLANG_CXX_LIBRARY = "libc++";
				CLANG_ENABLE_MODULES = YES;
				CLANG_ENABLE_OBJC_ARC = YES;
				CLANG_WARN_BLOCK_CAPTURE_AUTORELEASING = YES;
				CLANG_WARN_BOOL_CONVERSION = YES;
				CLANG_WARN_COMMA = YES;
				CLANG_WARN_CONSTANT_CONVERSION = YES;
				CLANG_WARN_DIRECT_OBJC_ISA_USAGE = YES_ERROR;
				CLANG_WARN_DOCUMENTATION_COMMENTS = YES;
				CLANG_WARN_EMPTY_BODY = YES;
				CLANG_WARN_ENUM_CONVERSION = YES;
				CLANG_WARN_INFINITE_RECURSION = YES;
				CLANG_WARN_INT_CONVERSION = YES;
				CLANG_WARN_NON_LITERAL_NULL_CONVERSION = YES;
				CLANG_WARN_OBJC_LITERAL_CONVERSION = YES;
				CLANG_WARN_OBJC_ROOT_CLASS = YES_ERROR;
				CLANG_WARN_RANGE_LOOP_ANALYSIS = YES;
				CLANG_WARN_STRICT_PROTOTYPES = YES;
				CLANG_WARN_SUSPICIOUS_MOVE = YES;
				CLANG_WARN_UNREACHABLE_CODE = YES;
				CLANG_WARN__DUPLICATE_METHOD_MATCH = YES;
				"CODE_SIGN_IDENTITY[sdk=iphoneos*]" = "iPhone Developer";
				COPY_PHASE_STRIP = NO;
				DEBUG_INFORMATION_FORMAT = dwarf;
				ENABLE_STRICT_OBJC_MSGSEND = YES;
				ENABLE_TESTABILITY = YES;
				GCC_C_LANGUAGE_STANDARD = gnu99;
				GCC_DYNAMIC_NO_PIC = NO;
				GCC_NO_COMMON_BLOCKS = YES;
				GCC_OPTIMIZATION_LEVEL = 0;
				GCC_PREPROCESSOR_DEFINITIONS = (
					"DEBUG=1",
					"$(inherited)",
				);
				GCC_WARN_64_TO_32_BIT_CONVERSION = YES;
				GCC_WARN_ABOUT_RETURN_TYPE = YES_ERROR;
				GCC_WARN_UNDECLARED_SELECTOR = YES;
				GCC_WARN_UNINITIALIZED_AUTOS = YES_AGGRESSIVE;
				GCC_WARN_UNUSED_FUNCTION = YES;
				GCC_WARN_UNUSED_VARIABLE = YES;
				IPHONEOS_DEPLOYMENT_TARGET = 10.2;
				MTL_ENABLE_DEBUG_INFO = YES;
				ONLY_ACTIVE_ARCH = YES;
				SDKROOT = iphoneos;
				SWIFT_ACTIVE_COMPILATION_CONDITIONS = DEBUG;
				SWIFT_OPTIMIZATION_LEVEL = "-Onone";
				SWIFT_VERSION = 4.0;
				TARGETED_DEVICE_FAMILY = "1,2";
			};
			name = Debug;
		};
		557F265D1E6D9E12003658BC /* Release */ = {
			isa = XCBuildConfiguration;
			buildSettings = {
				ALWAYS_SEARCH_USER_PATHS = NO;
				CLANG_ANALYZER_NONNULL = YES;
				CLANG_CXX_LANGUAGE_STANDARD = "gnu++0x";
				CLANG_CXX_LIBRARY = "libc++";
				CLANG_ENABLE_MODULES = YES;
				CLANG_ENABLE_OBJC_ARC = YES;
				CLANG_WARN_BLOCK_CAPTURE_AUTORELEASING = YES;
				CLANG_WARN_BOOL_CONVERSION = YES;
				CLANG_WARN_COMMA = YES;
				CLANG_WARN_CONSTANT_CONVERSION = YES;
				CLANG_WARN_DIRECT_OBJC_ISA_USAGE = YES_ERROR;
				CLANG_WARN_DOCUMENTATION_COMMENTS = YES;
				CLANG_WARN_EMPTY_BODY = YES;
				CLANG_WARN_ENUM_CONVERSION = YES;
				CLANG_WARN_INFINITE_RECURSION = YES;
				CLANG_WARN_INT_CONVERSION = YES;
				CLANG_WARN_NON_LITERAL_NULL_CONVERSION = YES;
				CLANG_WARN_OBJC_LITERAL_CONVERSION = YES;
				CLANG_WARN_OBJC_ROOT_CLASS = YES_ERROR;
				CLANG_WARN_RANGE_LOOP_ANALYSIS = YES;
				CLANG_WARN_STRICT_PROTOTYPES = YES;
				CLANG_WARN_SUSPICIOUS_MOVE = YES;
				CLANG_WARN_UNREACHABLE_CODE = YES;
				CLANG_WARN__DUPLICATE_METHOD_MATCH = YES;
				"CODE_SIGN_IDENTITY[sdk=iphoneos*]" = "iPhone Developer";
				COPY_PHASE_STRIP = NO;
				DEBUG_INFORMATION_FORMAT = "dwarf-with-dsym";
				ENABLE_NS_ASSERTIONS = NO;
				ENABLE_STRICT_OBJC_MSGSEND = YES;
				GCC_C_LANGUAGE_STANDARD = gnu99;
				GCC_NO_COMMON_BLOCKS = YES;
				GCC_WARN_64_TO_32_BIT_CONVERSION = YES;
				GCC_WARN_ABOUT_RETURN_TYPE = YES_ERROR;
				GCC_WARN_UNDECLARED_SELECTOR = YES;
				GCC_WARN_UNINITIALIZED_AUTOS = YES_AGGRESSIVE;
				GCC_WARN_UNUSED_FUNCTION = YES;
				GCC_WARN_UNUSED_VARIABLE = YES;
				IPHONEOS_DEPLOYMENT_TARGET = 10.2;
				MTL_ENABLE_DEBUG_INFO = NO;
				SDKROOT = iphoneos;
				SWIFT_OPTIMIZATION_LEVEL = "-Owholemodule";
				SWIFT_VERSION = 4.0;
				TARGETED_DEVICE_FAMILY = "1,2";
				VALIDATE_PRODUCT = YES;
			};
			name = Release;
		};
		557F265F1E6D9E12003658BC /* Debug */ = {
			isa = XCBuildConfiguration;
			baseConfigurationReference = F218749CBECF1D62305736FC /* Pods-NetworkStackDemo.debug.xcconfig */;
			buildSettings = {
				ALWAYS_EMBED_SWIFT_STANDARD_LIBRARIES = "$(inherited)";
				ASSETCATALOG_COMPILER_APPICON_NAME = AppIcon;
				CODE_SIGN_ENTITLEMENTS = "$(PROJECT_DIR)/NetworkStackDemo/NetworkStack.entitlements";
				DEVELOPMENT_TEAM = B564TVEPFR;
				INFOPLIST_FILE = NetworkStackDemo/Info.plist;
				LD_RUNPATH_SEARCH_PATHS = "$(inherited) @executable_path/Frameworks";
				PRODUCT_BUNDLE_IDENTIFIER = com.Niji.NetworkStackDemo;
				PRODUCT_NAME = "$(TARGET_NAME)";
			};
			name = Debug;
		};
		557F26601E6D9E12003658BC /* Release */ = {
			isa = XCBuildConfiguration;
			baseConfigurationReference = D80F589707D6CD6AE44DB6ED /* Pods-NetworkStackDemo.release.xcconfig */;
			buildSettings = {
				ALWAYS_EMBED_SWIFT_STANDARD_LIBRARIES = "$(inherited)";
				ASSETCATALOG_COMPILER_APPICON_NAME = AppIcon;
				CODE_SIGN_ENTITLEMENTS = "$(PROJECT_DIR)/NetworkStackDemo/NetworkStack.entitlements";
				DEVELOPMENT_TEAM = B564TVEPFR;
				INFOPLIST_FILE = NetworkStackDemo/Info.plist;
				LD_RUNPATH_SEARCH_PATHS = "$(inherited) @executable_path/Frameworks";
				PRODUCT_BUNDLE_IDENTIFIER = com.Niji.NetworkStackDemo;
				PRODUCT_NAME = "$(TARGET_NAME)";
			};
			name = Release;
		};
		557F26621E6D9E12003658BC /* Debug */ = {
			isa = XCBuildConfiguration;
			baseConfigurationReference = F2DB290C976711843DA47AA4 /* Pods-NetworkStackDemoTests.debug.xcconfig */;
			buildSettings = {
				CODE_SIGN_ENTITLEMENTS = "$(PROJECT_DIR)/NetworkStackDemo/NetworkStack.entitlements";
				INFOPLIST_FILE = NetworkStackDemoTests/Info.plist;
				LD_RUNPATH_SEARCH_PATHS = "$(inherited) @executable_path/Frameworks @loader_path/Frameworks";
				PRODUCT_BUNDLE_IDENTIFIER = com.Niji.NetworkStackDemoTests;
				PRODUCT_NAME = "$(TARGET_NAME)";
				TEST_HOST = "$(BUILT_PRODUCTS_DIR)/NetworkStackDemo.app/NetworkStackDemo";
			};
			name = Debug;
		};
		557F26631E6D9E12003658BC /* Release */ = {
			isa = XCBuildConfiguration;
			baseConfigurationReference = 1D85FCA0AAB2CAB3ED1BF0C3 /* Pods-NetworkStackDemoTests.release.xcconfig */;
			buildSettings = {
				CODE_SIGN_ENTITLEMENTS = "$(PROJECT_DIR)/NetworkStackDemo/NetworkStack.entitlements";
				INFOPLIST_FILE = NetworkStackDemoTests/Info.plist;
				LD_RUNPATH_SEARCH_PATHS = "$(inherited) @executable_path/Frameworks @loader_path/Frameworks";
				PRODUCT_BUNDLE_IDENTIFIER = com.Niji.NetworkStackDemoTests;
				PRODUCT_NAME = "$(TARGET_NAME)";
				TEST_HOST = "$(BUILT_PRODUCTS_DIR)/NetworkStackDemo.app/NetworkStackDemo";
			};
			name = Release;
		};
		557F26651E6D9E12003658BC /* Debug */ = {
			isa = XCBuildConfiguration;
			buildSettings = {
				INFOPLIST_FILE = NetworkStackDemoUITests/Info.plist;
				LD_RUNPATH_SEARCH_PATHS = "$(inherited) @executable_path/Frameworks @loader_path/Frameworks";
				PRODUCT_BUNDLE_IDENTIFIER = com.Niji.NetworkStackDemoUITests;
				PRODUCT_NAME = "$(TARGET_NAME)";
				TEST_TARGET_NAME = NetworkStackDemo;
			};
			name = Debug;
		};
		557F26661E6D9E12003658BC /* Release */ = {
			isa = XCBuildConfiguration;
			buildSettings = {
				INFOPLIST_FILE = NetworkStackDemoUITests/Info.plist;
				LD_RUNPATH_SEARCH_PATHS = "$(inherited) @executable_path/Frameworks @loader_path/Frameworks";
				PRODUCT_BUNDLE_IDENTIFIER = com.Niji.NetworkStackDemoUITests;
				PRODUCT_NAME = "$(TARGET_NAME)";
				TEST_TARGET_NAME = NetworkStackDemo;
			};
			name = Release;
		};
/* End XCBuildConfiguration section */

/* Begin XCConfigurationList section */
		557F26311E6D9E12003658BC /* Build configuration list for PBXProject "NetworkStackDemo" */ = {
			isa = XCConfigurationList;
			buildConfigurations = (
				557F265C1E6D9E12003658BC /* Debug */,
				557F265D1E6D9E12003658BC /* Release */,
			);
			defaultConfigurationIsVisible = 0;
			defaultConfigurationName = Release;
		};
		557F265E1E6D9E12003658BC /* Build configuration list for PBXNativeTarget "NetworkStackDemo" */ = {
			isa = XCConfigurationList;
			buildConfigurations = (
				557F265F1E6D9E12003658BC /* Debug */,
				557F26601E6D9E12003658BC /* Release */,
			);
			defaultConfigurationIsVisible = 0;
			defaultConfigurationName = Release;
		};
		557F26611E6D9E12003658BC /* Build configuration list for PBXNativeTarget "NetworkStackDemoTests" */ = {
			isa = XCConfigurationList;
			buildConfigurations = (
				557F26621E6D9E12003658BC /* Debug */,
				557F26631E6D9E12003658BC /* Release */,
			);
			defaultConfigurationIsVisible = 0;
			defaultConfigurationName = Release;
		};
		557F26641E6D9E12003658BC /* Build configuration list for PBXNativeTarget "NetworkStackDemoUITests" */ = {
			isa = XCConfigurationList;
			buildConfigurations = (
				557F26651E6D9E12003658BC /* Debug */,
				557F26661E6D9E12003658BC /* Release */,
			);
			defaultConfigurationIsVisible = 0;
			defaultConfigurationName = Release;
		};
/* End XCConfigurationList section */
	};
	rootObject = 557F262E1E6D9E12003658BC /* Project object */;
}
