PODS:
  - Alamofire (4.9.1)
  - KeychainAccess (3.2.1)
  - NetworkStack (0.1.6):
    - Alamofire (~> 4.0)
    - KeychainAccess (~> 3.1)
    - RxSwift (~> 4.0)
  - OHHTTPStubs (9.0.0):
    - OHHTTPStubs/Default (= 9.0.0)
  - OHHTTPStubs/Core (9.0.0)
  - OHHTTPStubs/Default (9.0.0):
    - OHHTTPStubs/Core
    - OHHTTPStubs/JSON
    - OHHTTPStubs/NSURLSession
    - OHHTTPStubs/OHPathHelpers
  - OHHTTPStubs/JSON (9.0.0):
    - OHHTTPStubs/Core
  - OHHTTPStubs/NSURLSession (9.0.0):
    - OHHTTPStubs/Core
  - OHHTTPStubs/OHPathHelpers (9.0.0)
  - OHHTTPStubs/Swift (9.0.0):
    - OHHTTPStubs/Default
  - RxSwift (4.5.0)

DEPENDENCIES:
  - NetworkStack (from `../../`)
  - OHHTTPStubs
  - OHHTTPStubs/Swift

SPEC REPOS:
  https://github.com/CocoaPods/Specs.git:
    - Alamofire
    - KeychainAccess
    - OHHTTPStubs
    - RxSwift

EXTERNAL SOURCES:
  NetworkStack:
    :path: "../../"

SPEC CHECKSUMS:
  Alamofire: 85e8a02c69d6020a0d734f6054870d7ecb75cf18
  KeychainAccess: d5470352939ced6d6f7fb51cb2e67aae51fc294f
  NetworkStack: dddbba43a8bb6d489510d66d05bcaa7dfc9ac4bb
  OHHTTPStubs: cb29d2a9d09a828ecb93349a2b0c64f99e0db89f
  RxSwift: f172070dfd1a93d70a9ab97a5a01166206e1c575

PODFILE CHECKSUM: 4691399c8a2126553b8de74e69f63072a4ac81fe

COCOAPODS: 1.9.3
