PODS:
  - Alamofire (4.5.1)
  - Decodable (0.6.0)
  - KeychainAccess (3.1.0)
  - NetworkStack (0.1.6):
    - Alamofire (~> 4.0)
    - KeychainAccess (~> 3.1)
    - RxSwift (~> 4.0)
  - OHHTTPStubs (6.0.0):
    - OHHTTPStubs/Default (= 6.0.0)
  - OHHTTPStubs/Core (6.0.0)
  - OHHTTPStubs/Default (6.0.0):
    - OHHTTPStubs/Core
    - OHHTTPStubs/JSON
    - OHHTTPStubs/NSURLSession
    - OHHTTPStubs/OHPathHelpers
  - OHHTTPStubs/JSON (6.0.0):
    - OHHTTPStubs/Core
  - OHHTTPStubs/NSURLSession (6.0.0):
    - OHHTTPStubs/Core
  - OHHTTPStubs/OHPathHelpers (6.0.0)
  - OHHTTPStubs/Swift (6.0.0):
    - OHHTTPStubs/Default
  - RxSwift (4.0.0)

DEPENDENCIES:
  - Decodable
  - NetworkStack (from `https://github.com/aelbarji/NetworkStack.git`)
  - OHHTTPStubs
  - OHHTTPStubs/Swift
  - RxSwift

EXTERNAL SOURCES:
  NetworkStack:
    :git: https://github.com/aelbarji/NetworkStack.git

CHECKOUT OPTIONS:
  NetworkStack:
    :commit: d386e7c5f629f3f925aca3c3e083a7f2049209f7
    :git: https://github.com/aelbarji/NetworkStack.git

SPEC CHECKSUMS:
  Alamofire: 2d95912bf4c34f164fdfc335872e8c312acaea4a
  Decodable: f0b95fa2fcf8633dd097aa8f7f09838ab3524f5d
  KeychainAccess: 94c5540b32eabf7bc32bfb976a268e8ea05fd6da
  NetworkStack: bf1935d6507b67178cfaed37438568c2c752cf9f
  OHHTTPStubs: 752f9b11fd810a15162d50f11c06ff94f8e012eb
  RxSwift: fd680d75283beb5e2559486f3c0ff852f0d35334

PODFILE CHECKSUM: 86706eef1db94e406169600d20b391bd80694cb5

COCOAPODS: 1.3.1
